# This file was autogenerated by Stack.
# You should not edit this file by hand.
# For more information, please see the documentation at:
#   https://docs.haskellstack.org/en/stable/topics/lock_files

packages:
- completed:
    commit: 2fe727b15c2e600eee48145dfd8bb7365a7d7f06
    git: https://github.com/carp-sushi/utils
    name: utils
    pantry-tree:
      sha256: 57d4ff30cc128fd99107dc6449a610d11bc3f534ab0b8674d3a16ff367cfcba9
      size: 688
    version: 0.1.0.0
  original:
    commit: 2fe727b15c2e600eee48145dfd8bb7365a7d7f06
    git: https://github.com/carp-sushi/utils
snapshots:
- completed:
    sha256: 04c9d37f2a00c2bd51bf6b25eb98872059bc58f225d50b5f306ac58f760a178c
    size: 680567
    url: https://raw.githubusercontent.com/commercialhaskell/stackage-snapshots/master/lts/23/9.yaml
  original: lts-23.9
