# This file was autogenerated by Stack.
# You should not edit this file by hand.
# For more information, please see the documentation at:
#   https://docs.haskellstack.org/en/stable/topics/lock_files

packages:
- completed:
    commit: 6ae9224ef0f88e94670a4c45bd857c7d22166161
    git: https://github.com/carp-sushi/utils
    name: utils
    pantry-tree:
      sha256: 77fe16725924fa90064424f49a9e5217554bc2de04efa8f87d103c6f95f982d7
      size: 518
    version: 0.1.0.0
  original:
    commit: 6ae9224ef0f88e94670a4c45bd857c7d22166161
    git: https://github.com/carp-sushi/utils
snapshots:
- completed:
    sha256: 04c9d37f2a00c2bd51bf6b25eb98872059bc58f225d50b5f306ac58f760a178c
    size: 680567
    url: https://raw.githubusercontent.com/commercialhaskell/stackage-snapshots/master/lts/23/9.yaml
  original: lts-23.9
